// !$*UTF8*$!
{
	archiveVersion = 1;
	classes = {
	};
	objectVersion = 70;
	objects = {

/* Begin PBXBuildFile section */
		C90121322E43B51F00EF9D46 /* dictionary.json in Resources */ = {isa = PBXBuildFile; fileRef = C90121312E43B51F00EF9D46 /* dictionary.json */; };
		C90121362E4645D100EF9D46 /* GoogleService-Info.plist in Resources */ = {isa = PBXBuildFile; fileRef = C90121352E4645D100EF9D46 /* GoogleService-Info.plist */; };
		C9140F4F2E0A53CA00E742FD /* GoogleMobileAds in Frameworks */ = {isa = PBXBuildFile; productRef = C9140F4E2E0A53CA00E742FD /* GoogleMobileAds */; };
		C92BF6512E0A3D7300164A63 /* SettingsView.swift in Sources */ = {isa = PBXBuildFile; fileRef = C92BF6502E0A3D6D00164A63 /* SettingsView.swift */; };
		C945B3CD2E092E61003EE955 /* WordzPlusApp.swift in Sources */ = {isa = PBXBuildFile; fileRef = C945B3CC2E092E61003EE955 /* WordzPlusApp.swift */; };
		C945B3CF2E092E61003EE955 /* ContentView.swift in Sources */ = {isa = PBXBuildFile; fileRef = C945B3CE2E092E61003EE955 /* ContentView.swift */; };
		C945B3D12E092E65003EE955 /* Assets.xcassets in Resources */ = {isa = PBXBuildFile; fileRef = C945B3D02E092E65003EE955 /* Assets.xcassets */; };
		C945B3D42E092E65003EE955 /* Preview Assets.xcassets in Resources */ = {isa = PBXBuildFile; fileRef = C945B3D32E092E65003EE955 /* Preview Assets.xcassets */; };
		C945B3DE2E092E66003EE955 /* Wordz_PlusTests.swift in Sources */ = {isa = PBXBuildFile; fileRef = C945B3DD2E092E66003EE955 /* Wordz_PlusTests.swift */; };
		C945B3E82E092E66003EE955 /* Wordz_PlusUITests.swift in Sources */ = {isa = PBXBuildFile; fileRef = C945B3E72E092E66003EE955 /* Wordz_PlusUITests.swift */; };
		C945B3EA2E092E66003EE955 /* Wordz_PlusUITestsLaunchTests.swift in Sources */ = {isa = PBXBuildFile; fileRef = C945B3E92E092E66003EE955 /* Wordz_PlusUITestsLaunchTests.swift */; };
		C945B3F72E09307A003EE955 /* words.json in Resources */ = {isa = PBXBuildFile; fileRef = C945B3F62E09307A003EE955 /* words.json */; };
		C98B67E62E464CA000B3DF08 /* FirebaseAnalytics.xcframework in Frameworks */ = {isa = PBXBuildFile; fileRef = C98B67D22E464A6C00B3DF08 /* FirebaseAnalytics.xcframework */; };
		C98B67E72E464CA000B3DF08 /* FirebaseAnalytics.xcframework in Embed Frameworks */ = {isa = PBXBuildFile; fileRef = C98B67D22E464A6C00B3DF08 /* FirebaseAnalytics.xcframework */; settings = {ATTRIBUTES = (CodeSignOnCopy, RemoveHeadersOnCopy, ); }; };
		C98B67E92E464CA200B3DF08 /* FirebaseCore.xcframework in Frameworks */ = {isa = PBXBuildFile; fileRef = C98B67D32E464A6C00B3DF08 /* FirebaseCore.xcframework */; };
		C98B67EA2E464CA200B3DF08 /* FirebaseCore.xcframework in Embed Frameworks */ = {isa = PBXBuildFile; fileRef = C98B67D32E464A6C00B3DF08 /* FirebaseCore.xcframework */; settings = {ATTRIBUTES = (CodeSignOnCopy, RemoveHeadersOnCopy, ); }; };
		C98B67EB2E464CAA00B3DF08 /* FirebaseCoreInternal.xcframework in Frameworks */ = {isa = PBXBuildFile; fileRef = C98B67D42E464A6C00B3DF08 /* FirebaseCoreInternal.xcframework */; };
		C98B67EC2E464CAA00B3DF08 /* FirebaseCoreInternal.xcframework in Embed Frameworks */ = {isa = PBXBuildFile; fileRef = C98B67D42E464A6C00B3DF08 /* FirebaseCoreInternal.xcframework */; settings = {ATTRIBUTES = (CodeSignOnCopy, RemoveHeadersOnCopy, ); }; };
		C98B67ED2E464CAD00B3DF08 /* FirebaseInstallations.xcframework in Frameworks */ = {isa = PBXBuildFile; fileRef = C98B67D52E464A6C00B3DF08 /* FirebaseInstallations.xcframework */; };
		C98B67EE2E464CAD00B3DF08 /* FirebaseInstallations.xcframework in Embed Frameworks */ = {isa = PBXBuildFile; fileRef = C98B67D52E464A6C00B3DF08 /* FirebaseInstallations.xcframework */; settings = {ATTRIBUTES = (CodeSignOnCopy, RemoveHeadersOnCopy, ); }; };
		C98B67EF2E464CB100B3DF08 /* GoogleAppMeasurement.xcframework in Frameworks */ = {isa = PBXBuildFile; fileRef = C98B67D72E464A6C00B3DF08 /* GoogleAppMeasurement.xcframework */; };
		C98B67F02E464CB100B3DF08 /* GoogleAppMeasurement.xcframework in Embed Frameworks */ = {isa = PBXBuildFile; fileRef = C98B67D72E464A6C00B3DF08 /* GoogleAppMeasurement.xcframework */; settings = {ATTRIBUTES = (CodeSignOnCopy, RemoveHeadersOnCopy, ); }; };
		C98B67F12E464CB600B3DF08 /* nanopb.xcframework in Frameworks */ = {isa = PBXBuildFile; fileRef = C98B67DA2E464A6C00B3DF08 /* nanopb.xcframework */; };
		C98B67F22E464CB600B3DF08 /* nanopb.xcframework in Embed Frameworks */ = {isa = PBXBuildFile; fileRef = C98B67DA2E464A6C00B3DF08 /* nanopb.xcframework */; settings = {ATTRIBUTES = (CodeSignOnCopy, RemoveHeadersOnCopy, ); }; };
		C98B67F32E464CE600B3DF08 /* FBLPromises.xcframework in Frameworks */ = {isa = PBXBuildFile; fileRef = C98B67D12E464A6C00B3DF08 /* FBLPromises.xcframework */; };
		C98B67F42E464CE600B3DF08 /* FBLPromises.xcframework in Embed Frameworks */ = {isa = PBXBuildFile; fileRef = C98B67D12E464A6C00B3DF08 /* FBLPromises.xcframework */; settings = {ATTRIBUTES = (CodeSignOnCopy, RemoveHeadersOnCopy, ); }; };
		C98B67F52E464CEB00B3DF08 /* GoogleAdsOnDeviceConversion.xcframework in Frameworks */ = {isa = PBXBuildFile; fileRef = C98B67D62E464A6C00B3DF08 /* GoogleAdsOnDeviceConversion.xcframework */; };
		C98B67F62E464CEB00B3DF08 /* GoogleAdsOnDeviceConversion.xcframework in Embed Frameworks */ = {isa = PBXBuildFile; fileRef = C98B67D62E464A6C00B3DF08 /* GoogleAdsOnDeviceConversion.xcframework */; settings = {ATTRIBUTES = (CodeSignOnCopy, RemoveHeadersOnCopy, ); }; };
		C98B67F72E464CED00B3DF08 /* GoogleAppMeasurementIdentitySupport.xcframework in Frameworks */ = {isa = PBXBuildFile; fileRef = C98B67D82E464A6C00B3DF08 /* GoogleAppMeasurementIdentitySupport.xcframework */; };
		C98B67F82E464CED00B3DF08 /* GoogleAppMeasurementIdentitySupport.xcframework in Embed Frameworks */ = {isa = PBXBuildFile; fileRef = C98B67D82E464A6C00B3DF08 /* GoogleAppMeasurementIdentitySupport.xcframework */; settings = {ATTRIBUTES = (CodeSignOnCopy, RemoveHeadersOnCopy, ); }; };
		C98B67F92E464CEF00B3DF08 /* GoogleUtilities.xcframework in Frameworks */ = {isa = PBXBuildFile; fileRef = C98B67D92E464A6C00B3DF08 /* GoogleUtilities.xcframework */; };
		C98B67FA2E464CEF00B3DF08 /* GoogleUtilities.xcframework in Embed Frameworks */ = {isa = PBXBuildFile; fileRef = C98B67D92E464A6C00B3DF08 /* GoogleUtilities.xcframework */; settings = {ATTRIBUTES = (CodeSignOnCopy, RemoveHeadersOnCopy, ); }; };
		C997DC272E0BDAE9005215AE /* GoogleMobileAds in Frameworks */ = {isa = PBXBuildFile; productRef = C997DC262E0BDAE9005215AE /* GoogleMobileAds */; };
/* End PBXBuildFile section */

/* Begin PBXContainerItemProxy section */
		C945B3DA2E092E66003EE955 /* PBXContainerItemProxy */ = {
			isa = PBXContainerItemProxy;
			containerPortal = C945B3C12E092E61003EE955 /* Project object */;
			proxyType = 1;
			remoteGlobalIDString = C945B3C82E092E61003EE955;
			remoteInfo = "Wordz Plus";
		};
		C945B3E42E092E66003EE955 /* PBXContainerItemProxy */ = {
			isa = PBXContainerItemProxy;
			containerPortal = C945B3C12E092E61003EE955 /* Project object */;
			proxyType = 1;
			remoteGlobalIDString = C945B3C82E092E61003EE955;
			remoteInfo = "Wordz Plus";
		};
/* End PBXContainerItemProxy section */

/* Begin PBXCopyFilesBuildPhase section */
		C98B67E82E464CA000B3DF08 /* Embed Frameworks */ = {
			isa = PBXCopyFilesBuildPhase;
			buildActionMask = 2147483647;
			dstPath = "";
			dstSubfolderSpec = 10;
			files = (
				C98B67F42E464CE600B3DF08 /* FBLPromises.xcframework in Embed Frameworks */,
				C98B67E72E464CA000B3DF08 /* FirebaseAnalytics.xcframework in Embed Frameworks */,
				C98B67F02E464CB100B3DF08 /* GoogleAppMeasurement.xcframework in Embed Frameworks */,
				C98B67EA2E464CA200B3DF08 /* FirebaseCore.xcframework in Embed Frameworks */,
				C98B67F82E464CED00B3DF08 /* GoogleAppMeasurementIdentitySupport.xcframework in Embed Frameworks */,
				C98B67FA2E464CEF00B3DF08 /* GoogleUtilities.xcframework in Embed Frameworks */,
				C98B67F22E464CB600B3DF08 /* nanopb.xcframework in Embed Frameworks */,
				C98B67EE2E464CAD00B3DF08 /* FirebaseInstallations.xcframework in Embed Frameworks */,
				C98B67F62E464CEB00B3DF08 /* GoogleAdsOnDeviceConversion.xcframework in Embed Frameworks */,
				C98B67EC2E464CAA00B3DF08 /* FirebaseCoreInternal.xcframework in Embed Frameworks */,
			);
			name = "Embed Frameworks";
			runOnlyForDeploymentPostprocessing = 0;
		};
/* End PBXCopyFilesBuildPhase section */

/* Begin PBXFileReference section */
		C90121312E43B51F00EF9D46 /* dictionary.json */ = {isa = PBXFileReference; lastKnownFileType = text.json; path = dictionary.json; sourceTree = "<group>"; };
		C90121352E4645D100EF9D46 /* GoogleService-Info.plist */ = {isa = PBXFileReference; lastKnownFileType = text.plist.xml; path = "GoogleService-Info.plist"; sourceTree = "<group>"; };
		C92345222E0A50EC004319DE /* Wordz-Plus-Info.plist */ = {isa = PBXFileReference; lastKnownFileType = text.plist; path = "Wordz-Plus-Info.plist"; sourceTree = SOURCE_ROOT; };
		C92BF6502E0A3D6D00164A63 /* SettingsView.swift */ = {isa = PBXFileReference; lastKnownFileType = sourcecode.swift; path = SettingsView.swift; sourceTree = "<group>"; };
		C945B3C92E092E61003EE955 /* Wordz Plus.app */ = {isa = PBXFileReference; explicitFileType = wrapper.application; includeInIndex = 0; path = "Wordz Plus.app"; sourceTree = BUILT_PRODUCTS_DIR; };
		C945B3CC2E092E61003EE955 /* WordzPlusApp.swift */ = {isa = PBXFileReference; lastKnownFileType = sourcecode.swift; path = WordzPlusApp.swift; sourceTree = "<group>"; };
		C945B3CE2E092E61003EE955 /* ContentView.swift */ = {isa = PBXFileReference; lastKnownFileType = sourcecode.swift; path = ContentView.swift; sourceTree = "<group>"; };
		C945B3D02E092E65003EE955 /* Assets.xcassets */ = {isa = PBXFileReference; lastKnownFileType = folder.assetcatalog; path = Assets.xcassets; sourceTree = "<group>"; };
		C945B3D32E092E65003EE955 /* Preview Assets.xcassets */ = {isa = PBXFileReference; lastKnownFileType = folder.assetcatalog; path = "Preview Assets.xcassets"; sourceTree = "<group>"; };
		C945B3D92E092E66003EE955 /* Wordz PlusTests.xctest */ = {isa = PBXFileReference; explicitFileType = wrapper.cfbundle; includeInIndex = 0; path = "Wordz PlusTests.xctest"; sourceTree = BUILT_PRODUCTS_DIR; };
		C945B3DD2E092E66003EE955 /* Wordz_PlusTests.swift */ = {isa = PBXFileReference; lastKnownFileType = sourcecode.swift; path = Wordz_PlusTests.swift; sourceTree = "<group>"; };
		C945B3E32E092E66003EE955 /* Wordz PlusUITests.xctest */ = {isa = PBXFileReference; explicitFileType = wrapper.cfbundle; includeInIndex = 0; path = "Wordz PlusUITests.xctest"; sourceTree = BUILT_PRODUCTS_DIR; };
		C945B3E72E092E66003EE955 /* Wordz_PlusUITests.swift */ = {isa = PBXFileReference; lastKnownFileType = sourcecode.swift; path = Wordz_PlusUITests.swift; sourceTree = "<group>"; };
		C945B3E92E092E66003EE955 /* Wordz_PlusUITestsLaunchTests.swift */ = {isa = PBXFileReference; lastKnownFileType = sourcecode.swift; path = Wordz_PlusUITestsLaunchTests.swift; sourceTree = "<group>"; };
		C945B3F62E09307A003EE955 /* words.json */ = {isa = PBXFileReference; lastKnownFileType = text.json; path = words.json; sourceTree = "<group>"; };
		C98B67D12E464A6C00B3DF08 /* FBLPromises.xcframework */ = {isa = PBXFileReference; expectedSignature = "AppleDeveloperProgram:EQHXZ8M8AV:Google LLC"; lastKnownFileType = wrapper.xcframework; path = FBLPromises.xcframework; sourceTree = "<group>"; };
		C98B67D22E464A6C00B3DF08 /* FirebaseAnalytics.xcframework */ = {isa = PBXFileReference; expectedSignature = "AppleDeveloperProgram:EQHXZ8M8AV:Google LLC"; lastKnownFileType = wrapper.xcframework; path = FirebaseAnalytics.xcframework; sourceTree = "<group>"; };
		C98B67D32E464A6C00B3DF08 /* FirebaseCore.xcframework */ = {isa = PBXFileReference; expectedSignature = "AppleDeveloperProgram:EQHXZ8M8AV:Google LLC"; lastKnownFileType = wrapper.xcframework; path = FirebaseCore.xcframework; sourceTree = "<group>"; };
		C98B67D42E464A6C00B3DF08 /* FirebaseCoreInternal.xcframework */ = {isa = PBXFileReference; expectedSignature = "AppleDeveloperProgram:EQHXZ8M8AV:Google LLC"; lastKnownFileType = wrapper.xcframework; path = FirebaseCoreInternal.xcframework; sourceTree = "<group>"; };
		C98B67D52E464A6C00B3DF08 /* FirebaseInstallations.xcframework */ = {isa = PBXFileReference; expectedSignature = "AppleDeveloperProgram:EQHXZ8M8AV:Google LLC"; lastKnownFileType = wrapper.xcframework; path = FirebaseInstallations.xcframework; sourceTree = "<group>"; };
		C98B67D62E464A6C00B3DF08 /* GoogleAdsOnDeviceConversion.xcframework */ = {isa = PBXFileReference; expectedSignature = "AppleDeveloperProgram:EQHXZ8M8AV:Google LLC"; lastKnownFileType = wrapper.xcframework; path = GoogleAdsOnDeviceConversion.xcframework; sourceTree = "<group>"; };
		C98B67D72E464A6C00B3DF08 /* GoogleAppMeasurement.xcframework */ = {isa = PBXFileReference; expectedSignature = "AppleDeveloperProgram:EQHXZ8M8AV:Google LLC"; lastKnownFileType = wrapper.xcframework; path = GoogleAppMeasurement.xcframework; sourceTree = "<group>"; };
		C98B67D82E464A6C00B3DF08 /* GoogleAppMeasurementIdentitySupport.xcframework */ = {isa = PBXFileReference; expectedSignature = "AppleDeveloperProgram:EQHXZ8M8AV:Google LLC"; lastKnownFileType = wrapper.xcframework; path = GoogleAppMeasurementIdentitySupport.xcframework; sourceTree = "<group>"; };
		C98B67D92E464A6C00B3DF08 /* GoogleUtilities.xcframework */ = {isa = PBXFileReference; expectedSignature = "AppleDeveloperProgram:EQHXZ8M8AV:Google LLC"; lastKnownFileType = wrapper.xcframework; path = GoogleUtilities.xcframework; sourceTree = "<group>"; };
		C98B67DA2E464A6C00B3DF08 /* nanopb.xcframework */ = {isa = PBXFileReference; expectedSignature = "AppleDeveloperProgram:EQHXZ8M8AV:Google LLC"; lastKnownFileType = wrapper.xcframework; path = nanopb.xcframework; sourceTree = "<group>"; };
		C98B67E52E464B9400B3DF08 /* Firebase.h */ = {isa = PBXFileReference; lastKnownFileType = sourcecode.c.h; path = Firebase.h; sourceTree = "<group>"; };
/* End PBXFileReference section */

/* Begin PBXFileSystemSynchronizedRootGroup section */
		C92BF6342E0A37CE00164A63 /* Model */ = {isa = PBXFileSystemSynchronizedRootGroup; explicitFileTypes = {}; explicitFolders = (); path = Model; sourceTree = "<group>"; };
		C92BF63B2E0A37F500164A63 /* ViewModel */ = {isa = PBXFileSystemSynchronizedRootGroup; explicitFileTypes = {}; explicitFolders = (); path = ViewModel; sourceTree = "<group>"; };
		C92BF6402E0A381900164A63 /* View */ = {isa = PBXFileSystemSynchronizedRootGroup; explicitFileTypes = {}; explicitFolders = (); path = View; sourceTree = "<group>"; };
/* End PBXFileSystemSynchronizedRootGroup section */

/* Begin PBXFrameworksBuildPhase section */
		C945B3C62E092E61003EE955 /* Frameworks */ = {
			isa = PBXFrameworksBuildPhase;
			buildActionMask = 2147483647;
			files = (
				C98B67E92E464CA200B3DF08 /* FirebaseCore.xcframework in Frameworks */,
				C98B67F72E464CED00B3DF08 /* GoogleAppMeasurementIdentitySupport.xcframework in Frameworks */,
				C98B67ED2E464CAD00B3DF08 /* FirebaseInstallations.xcframework in Frameworks */,
				C98B67F12E464CB600B3DF08 /* nanopb.xcframework in Frameworks */,
				C98B67E62E464CA000B3DF08 /* FirebaseAnalytics.xcframework in Frameworks */,
				C98B67EB2E464CAA00B3DF08 /* FirebaseCoreInternal.xcframework in Frameworks */,
				C98B67F52E464CEB00B3DF08 /* GoogleAdsOnDeviceConversion.xcframework in Frameworks */,
				C98B67F32E464CE600B3DF08 /* FBLPromises.xcframework in Frameworks */,
				C997DC272E0BDAE9005215AE /* GoogleMobileAds in Frameworks */,
				C98B67EF2E464CB100B3DF08 /* GoogleAppMeasurement.xcframework in Frameworks */,
				C9140F4F2E0A53CA00E742FD /* GoogleMobileAds in Frameworks */,
				C98B67F92E464CEF00B3DF08 /* GoogleUtilities.xcframework in Frameworks */,
			);
			runOnlyForDeploymentPostprocessing = 0;
		};
		C945B3D62E092E66003EE955 /* Frameworks */ = {
			isa = PBXFrameworksBuildPhase;
			buildActionMask = 2147483647;
			files = (
			);
			runOnlyForDeploymentPostprocessing = 0;
		};
		C945B3E02E092E66003EE955 /* Frameworks */ = {
			isa = PBXFrameworksBuildPhase;
			buildActionMask = 2147483647;
			files = (
			);
			runOnlyForDeploymentPostprocessing = 0;
		};
/* End PBXFrameworksBuildPhase section */

/* Begin PBXGroup section */
		C9140F4D2E0A53CA00E742FD /* Frameworks */ = {
			isa = PBXGroup;
			children = (
				C98B67D12E464A6C00B3DF08 /* FBLPromises.xcframework */,
				C98B67D22E464A6C00B3DF08 /* FirebaseAnalytics.xcframework */,
				C98B67D32E464A6C00B3DF08 /* FirebaseCore.xcframework */,
				C98B67D42E464A6C00B3DF08 /* FirebaseCoreInternal.xcframework */,
				C98B67D52E464A6C00B3DF08 /* FirebaseInstallations.xcframework */,
				C98B67D62E464A6C00B3DF08 /* GoogleAdsOnDeviceConversion.xcframework */,
				C98B67D72E464A6C00B3DF08 /* GoogleAppMeasurement.xcframework */,
				C98B67D82E464A6C00B3DF08 /* GoogleAppMeasurementIdentitySupport.xcframework */,
				C98B67D92E464A6C00B3DF08 /* GoogleUtilities.xcframework */,
				C98B67DA2E464A6C00B3DF08 /* nanopb.xcframework */,
			);
			name = Frameworks;
			sourceTree = "<group>";
		};
		C945B3C02E092E61003EE955 = {
			isa = PBXGroup;
			children = (
				C945B3CB2E092E61003EE955 /* Wordz Plus */,
				C945B3DC2E092E66003EE955 /* Wordz PlusTests */,
				C945B3E62E092E66003EE955 /* Wordz PlusUITests */,
				C9140F4D2E0A53CA00E742FD /* Frameworks */,
				C945B3CA2E092E61003EE955 /* Products */,
			);
			sourceTree = "<group>";
		};
		C945B3CA2E092E61003EE955 /* Products */ = {
			isa = PBXGroup;
			children = (
				C945B3C92E092E61003EE955 /* Wordz Plus.app */,
				C945B3D92E092E66003EE955 /* Wordz PlusTests.xctest */,
				C945B3E32E092E66003EE955 /* Wordz PlusUITests.xctest */,
			);
			name = Products;
			sourceTree = "<group>";
		};
		C945B3CB2E092E61003EE955 /* Wordz Plus */ = {
			isa = PBXGroup;
			children = (
				C90121312E43B51F00EF9D46 /* dictionary.json */,
				C92345222E0A50EC004319DE /* Wordz-Plus-Info.plist */,
				C92BF6502E0A3D6D00164A63 /* SettingsView.swift */,
				C92BF63B2E0A37F500164A63 /* ViewModel */,
				C92BF6402E0A381900164A63 /* View */,
				C92BF6342E0A37CE00164A63 /* Model */,
				C945B3CC2E092E61003EE955 /* WordzPlusApp.swift */,
				C945B3CE2E092E61003EE955 /* ContentView.swift */,
				C945B3D02E092E65003EE955 /* Assets.xcassets */,
				C945B3D22E092E65003EE955 /* Preview Content */,
				C945B3F62E09307A003EE955 /* words.json */,
				C90121352E4645D100EF9D46 /* GoogleService-Info.plist */,
				C98B67E52E464B9400B3DF08 /* Firebase.h */,
			);
			path = "Wordz Plus";
			sourceTree = "<group>";
		};
		C945B3D22E092E65003EE955 /* Preview Content */ = {
			isa = PBXGroup;
			children = (
				C945B3D32E092E65003EE955 /* Preview Assets.xcassets */,
			);
			path = "Preview Content";
			sourceTree = "<group>";
		};
		C945B3DC2E092E66003EE955 /* Wordz PlusTests */ = {
			isa = PBXGroup;
			children = (
				C945B3DD2E092E66003EE955 /* Wordz_PlusTests.swift */,
			);
			path = "Wordz PlusTests";
			sourceTree = "<group>";
		};
		C945B3E62E092E66003EE955 /* Wordz PlusUITests */ = {
			isa = PBXGroup;
			children = (
				C945B3E72E092E66003EE955 /* Wordz_PlusUITests.swift */,
				C945B3E92E092E66003EE955 /* Wordz_PlusUITestsLaunchTests.swift */,
			);
			path = "Wordz PlusUITests";
			sourceTree = "<group>";
		};
/* End PBXGroup section */

/* Begin PBXNativeTarget section */
		C945B3C82E092E61003EE955 /* Wordz Plus */ = {
			isa = PBXNativeTarget;
			buildConfigurationList = C945B3ED2E092E66003EE955 /* Build configuration list for PBXNativeTarget "Wordz Plus" */;
			buildPhases = (
				C945B3C52E092E61003EE955 /* Sources */,
				C945B3C62E092E61003EE955 /* Frameworks */,
				C945B3C72E092E61003EE955 /* Resources */,
				C98B67E82E464CA000B3DF08 /* Embed Frameworks */,
			);
			buildRules = (
			);
			dependencies = (
			);
			fileSystemSynchronizedGroups = (
				C92BF6342E0A37CE00164A63 /* Model */,
				C92BF63B2E0A37F500164A63 /* ViewModel */,
				C92BF6402E0A381900164A63 /* View */,
			);
			name = "Wordz Plus";
			productName = "Wordz Plus";
			productReference = C945B3C92E092E61003EE955 /* Wordz Plus.app */;
			productType = "com.apple.product-type.application";
		};
		C945B3D82E092E66003EE955 /* Wordz PlusTests */ = {
			isa = PBXNativeTarget;
			buildConfigurationList = C945B3F02E092E66003EE955 /* Build configuration list for PBXNativeTarget "Wordz PlusTests" */;
			buildPhases = (
				C945B3D52E092E66003EE955 /* Sources */,
				C945B3D62E092E66003EE955 /* Frameworks */,
				C945B3D72E092E66003EE955 /* Resources */,
			);
			buildRules = (
			);
			dependencies = (
				C945B3DB2E092E66003EE955 /* PBXTargetDependency */,
			);
			name = "Wordz PlusTests";
			productName = "Wordz PlusTests";
			productReference = C945B3D92E092E66003EE955 /* Wordz PlusTests.xctest */;
			productType = "com.apple.product-type.bundle.unit-test";
		};
		C945B3E22E092E66003EE955 /* Wordz PlusUITests */ = {
			isa = PBXNativeTarget;
			buildConfigurationList = C945B3F32E092E66003EE955 /* Build configuration list for PBXNativeTarget "Wordz PlusUITests" */;
			buildPhases = (
				C945B3DF2E092E66003EE955 /* Sources */,
				C945B3E02E092E66003EE955 /* Frameworks */,
				C945B3E12E092E66003EE955 /* Resources */,
			);
			buildRules = (
			);
			dependencies = (
				C945B3E52E092E66003EE955 /* PBXTargetDependency */,
			);
			name = "Wordz PlusUITests";
			productName = "Wordz PlusUITests";
			productReference = C945B3E32E092E66003EE955 /* Wordz PlusUITests.xctest */;
			productType = "com.apple.product-type.bundle.ui-testing";
		};
/* End PBXNativeTarget section */

/* Begin PBXProject section */
		C945B3C12E092E61003EE955 /* Project object */ = {
			isa = PBXProject;
			attributes = {
				BuildIndependentTargetsInParallel = 1;
				LastSwiftUpdateCheck = 1520;
				LastUpgradeCheck = 1640;
				TargetAttributes = {
					C945B3C82E092E61003EE955 = {
						CreatedOnToolsVersion = 15.2;
					};
					C945B3D82E092E66003EE955 = {
						CreatedOnToolsVersion = 15.2;
						TestTargetID = C945B3C82E092E61003EE955;
					};
					C945B3E22E092E66003EE955 = {
						CreatedOnToolsVersion = 15.2;
						TestTargetID = C945B3C82E092E61003EE955;
					};
				};
			};
			buildConfigurationList = C945B3C42E092E61003EE955 /* Build configuration list for PBXProject "Wordz Plus" */;
			compatibilityVersion = "Xcode 14.0";
			developmentRegion = en;
			hasScannedForEncodings = 0;
			knownRegions = (
				en,
				Base,
			);
			mainGroup = C945B3C02E092E61003EE955;
			packageReferences = (
				C997DC252E0BDAE9005215AE /* XCLocalSwiftPackageReference "../../Downloads/swift-package-manager-google-mobile-ads-12.6.0" */,
			);
			productRefGroup = C945B3CA2E092E61003EE955 /* Products */;
			projectDirPath = "";
			projectRoot = "";
			targets = (
				C945B3C82E092E61003EE955 /* Wordz Plus */,
				C945B3D82E092E66003EE955 /* Wordz PlusTests */,
				C945B3E22E092E66003EE955 /* Wordz PlusUITests */,
			);
		};
/* End PBXProject section */

/* Begin PBXResourcesBuildPhase section */
		C945B3C72E092E61003EE955 /* Resources */ = {
			isa = PBXResourcesBuildPhase;
			buildActionMask = 2147483647;
			files = (
				C945B3F72E09307A003EE955 /* words.json in Resources */,
				C90121322E43B51F00EF9D46 /* dictionary.json in Resources */,
				C90121362E4645D100EF9D46 /* GoogleService-Info.plist in Resources */,
				C945B3D42E092E65003EE955 /* Preview Assets.xcassets in Resources */,
				C945B3D12E092E65003EE955 /* Assets.xcassets in Resources */,
			);
			runOnlyForDeploymentPostprocessing = 0;
		};
		C945B3D72E092E66003EE955 /* Resources */ = {
			isa = PBXResourcesBuildPhase;
			buildActionMask = 2147483647;
			files = (
			);
			runOnlyForDeploymentPostprocessing = 0;
		};
		C945B3E12E092E66003EE955 /* Resources */ = {
			isa = PBXResourcesBuildPhase;
			buildActionMask = 2147483647;
			files = (
			);
			runOnlyForDeploymentPostprocessing = 0;
		};
/* End PBXResourcesBuildPhase section */

/* Begin PBXSourcesBuildPhase section */
		C945B3C52E092E61003EE955 /* Sources */ = {
			isa = PBXSourcesBuildPhase;
			buildActionMask = 2147483647;
			files = (
				C945B3CF2E092E61003EE955 /* ContentView.swift in Sources */,
				C92BF6512E0A3D7300164A63 /* SettingsView.swift in Sources */,
				C945B3CD2E092E61003EE955 /* WordzPlusApp.swift in Sources */,
			);
			runOnlyForDeploymentPostprocessing = 0;
		};
		C945B3D52E092E66003EE955 /* Sources */ = {
			isa = PBXSourcesBuildPhase;
			buildActionMask = 2147483647;
			files = (
				C945B3DE2E092E66003EE955 /* Wordz_PlusTests.swift in Sources */,
			);
			runOnlyForDeploymentPostprocessing = 0;
		};
		C945B3DF2E092E66003EE955 /* Sources */ = {
			isa = PBXSourcesBuildPhase;
			buildActionMask = 2147483647;
			files = (
				C945B3E82E092E66003EE955 /* Wordz_PlusUITests.swift in Sources */,
				C945B3EA2E092E66003EE955 /* Wordz_PlusUITestsLaunchTests.swift in Sources */,
			);
			runOnlyForDeploymentPostprocessing = 0;
		};
/* End PBXSourcesBuildPhase section */

/* Begin PBXTargetDependency section */
		C945B3DB2E092E66003EE955 /* PBXTargetDependency */ = {
			isa = PBXTargetDependency;
			target = C945B3C82E092E61003EE955 /* Wordz Plus */;
			targetProxy = C945B3DA2E092E66003EE955 /* PBXContainerItemProxy */;
		};
		C945B3E52E092E66003EE955 /* PBXTargetDependency */ = {
			isa = PBXTargetDependency;
			target = C945B3C82E092E61003EE955 /* Wordz Plus */;
			targetProxy = C945B3E42E092E66003EE955 /* PBXContainerItemProxy */;
		};
/* End PBXTargetDependency section */

/* Begin XCBuildConfiguration section */
		C945B3EB2E092E66003EE955 /* Debug */ = {
			isa = XCBuildConfiguration;
			buildSettings = {
				ALWAYS_SEARCH_USER_PATHS = NO;
				ASSETCATALOG_COMPILER_GENERATE_SWIFT_ASSET_SYMBOL_EXTENSIONS = YES;
				CLANG_ANALYZER_NONNULL = YES;
				CLANG_ANALYZER_NUMBER_OBJECT_CONVERSION = YES_AGGRESSIVE;
				CLANG_CXX_LANGUAGE_STANDARD = "gnu++20";
				CLANG_ENABLE_MODULES = YES;
				CLANG_ENABLE_OBJC_ARC = YES;
				CLANG_ENABLE_OBJC_WEAK = YES;
				CLANG_WARN_BLOCK_CAPTURE_AUTORELEASING = YES;
				CLANG_WARN_BOOL_CONVERSION = YES;
				CLANG_WARN_COMMA = YES;
				CLANG_WARN_CONSTANT_CONVERSION = YES;
				CLANG_WARN_DEPRECATED_OBJC_IMPLEMENTATIONS = YES;
				CLANG_WARN_DIRECT_OBJC_ISA_USAGE = YES_ERROR;
				CLANG_WARN_DOCUMENTATION_COMMENTS = YES;
				CLANG_WARN_EMPTY_BODY = YES;
				CLANG_WARN_ENUM_CONVERSION = YES;
				CLANG_WARN_INFINITE_RECURSION = YES;
				CLANG_WARN_INT_CONVERSION = YES;
				CLANG_WARN_NON_LITERAL_NULL_CONVERSION = YES;
				CLANG_WARN_OBJC_IMPLICIT_RETAIN_SELF = YES;
				CLANG_WARN_OBJC_LITERAL_CONVERSION = YES;
				CLANG_WARN_OBJC_ROOT_CLASS = YES_ERROR;
				CLANG_WARN_QUOTED_INCLUDE_IN_FRAMEWORK_HEADER = YES;
				CLANG_WARN_RANGE_LOOP_ANALYSIS = YES;
				CLANG_WARN_STRICT_PROTOTYPES = YES;
				CLANG_WARN_SUSPICIOUS_MOVE = YES;
				CLANG_WARN_UNGUARDED_AVAILABILITY = YES_AGGRESSIVE;
				CLANG_WARN_UNREACHABLE_CODE = YES;
				CLANG_WARN__DUPLICATE_METHOD_MATCH = YES;
				COPY_PHASE_STRIP = NO;
				DEBUG_INFORMATION_FORMAT = dwarf;
				ENABLE_STRICT_OBJC_MSGSEND = YES;
				ENABLE_TESTABILITY = YES;
				ENABLE_USER_SCRIPT_SANDBOXING = YES;
				FRAMEWORK_SEARCH_PATHS = "$(PROJECT_DIR)/**";
				GCC_C_LANGUAGE_STANDARD = gnu17;
				GCC_DYNAMIC_NO_PIC = NO;
				GCC_NO_COMMON_BLOCKS = YES;
				GCC_OPTIMIZATION_LEVEL = 0;
				GCC_PREPROCESSOR_DEFINITIONS = (
					"DEBUG=1",
					"$(inherited)",
				);
				GCC_WARN_64_TO_32_BIT_CONVERSION = YES;
				GCC_WARN_ABOUT_RETURN_TYPE = YES_ERROR;
				GCC_WARN_UNDECLARED_SELECTOR = YES;
				GCC_WARN_UNINITIALIZED_AUTOS = YES_AGGRESSIVE;
				GCC_WARN_UNUSED_FUNCTION = YES;
				GCC_WARN_UNUSED_VARIABLE = YES;
				IPHONEOS_DEPLOYMENT_TARGET = 17.2;
				LOCALIZATION_PREFERS_STRING_CATALOGS = YES;
				MTL_ENABLE_DEBUG_INFO = INCLUDE_SOURCE;
				MTL_FAST_MATH = YES;
				ONLY_ACTIVE_ARCH = YES;
				SDKROOT = iphoneos;
				SWIFT_ACTIVE_COMPILATION_CONDITIONS = "DEBUG $(inherited)";
				SWIFT_OPTIMIZATION_LEVEL = "-Onone";
			};
			name = Debug;
		};
		C945B3EC2E092E66003EE955 /* Release */ = {
			isa = XCBuildConfiguration;
			buildSettings = {
				ALWAYS_SEARCH_USER_PATHS = NO;
				ASSETCATALOG_COMPILER_GENERATE_SWIFT_ASSET_SYMBOL_EXTENSIONS = YES;
				CLANG_ANALYZER_NONNULL = YES;
				CLANG_ANALYZER_NUMBER_OBJECT_CONVERSION = YES_AGGRESSIVE;
				CLANG_CXX_LANGUAGE_STANDARD = "gnu++20";
				CLANG_ENABLE_MODULES = YES;
				CLANG_ENABLE_OBJC_ARC = YES;
				CLANG_ENABLE_OBJC_WEAK = YES;
				CLANG_WARN_BLOCK_CAPTURE_AUTORELEASING = YES;
				CLANG_WARN_BOOL_CONVERSION = YES;
				CLANG_WARN_COMMA = YES;
				CLANG_WARN_CONSTANT_CONVERSION = YES;
				CLANG_WARN_DEPRECATED_OBJC_IMPLEMENTATIONS = YES;
				CLANG_WARN_DIRECT_OBJC_ISA_USAGE = YES_ERROR;
				CLANG_WARN_DOCUMENTATION_COMMENTS = YES;
				CLANG_WARN_EMPTY_BODY = YES;
				CLANG_WARN_ENUM_CONVERSION = YES;
				CLANG_WARN_INFINITE_RECURSION = YES;
				CLANG_WARN_INT_CONVERSION = YES;
				CLANG_WARN_NON_LITERAL_NULL_CONVERSION = YES;
				CLANG_WARN_OBJC_IMPLICIT_RETAIN_SELF = YES;
				CLANG_WARN_OBJC_LITERAL_CONVERSION = YES;
				CLANG_WARN_OBJC_ROOT_CLASS = YES_ERROR;
				CLANG_WARN_QUOTED_INCLUDE_IN_FRAMEWORK_HEADER = YES;
				CLANG_WARN_RANGE_LOOP_ANALYSIS = YES;
				CLANG_WARN_STRICT_PROTOTYPES = YES;
				CLANG_WARN_SUSPICIOUS_MOVE = YES;
				CLANG_WARN_UNGUARDED_AVAILABILITY = YES_AGGRESSIVE;
				CLANG_WARN_UNREACHABLE_CODE = YES;
				CLANG_WARN__DUPLICATE_METHOD_MATCH = YES;
				COPY_PHASE_STRIP = NO;
				DEBUG_INFORMATION_FORMAT = "dwarf-with-dsym";
				ENABLE_NS_ASSERTIONS = NO;
				ENABLE_STRICT_OBJC_MSGSEND = YES;
				ENABLE_USER_SCRIPT_SANDBOXING = YES;
				FRAMEWORK_SEARCH_PATHS = "$(PROJECT_DIR)/**";
				GCC_C_LANGUAGE_STANDARD = gnu17;
				GCC_NO_COMMON_BLOCKS = YES;
				GCC_WARN_64_TO_32_BIT_CONVERSION = YES;
				GCC_WARN_ABOUT_RETURN_TYPE = YES_ERROR;
				GCC_WARN_UNDECLARED_SELECTOR = YES;
				GCC_WARN_UNINITIALIZED_AUTOS = YES_AGGRESSIVE;
				GCC_WARN_UNUSED_FUNCTION = YES;
				GCC_WARN_UNUSED_VARIABLE = YES;
				IPHONEOS_DEPLOYMENT_TARGET = 17.2;
				LOCALIZATION_PREFERS_STRING_CATALOGS = YES;
				MTL_ENABLE_DEBUG_INFO = NO;
				MTL_FAST_MATH = YES;
				SDKROOT = iphoneos;
				SWIFT_COMPILATION_MODE = wholemodule;
				VALIDATE_PRODUCT = YES;
			};
			name = Release;
		};
		C945B3EE2E092E66003EE955 /* Debug */ = {
			isa = XCBuildConfiguration;
			buildSettings = {
				ASSETCATALOG_COMPILER_APPICON_NAME = "AppIcon 1";
				ASSETCATALOG_COMPILER_GLOBAL_ACCENT_COLOR_NAME = AccentColor;
				ASSETCATALOG_COMPILER_INCLUDE_ALL_APPICON_ASSETS = NO;
				CODE_SIGN_STYLE = Automatic;
				CURRENT_PROJECT_VERSION = 1;
				DEVELOPMENT_ASSET_PATHS = "\"Wordz Plus/Preview Content\"";
				DEVELOPMENT_TEAM = DL5Q232KTN;
				ENABLE_PREVIEWS = YES;
				FRAMEWORK_SEARCH_PATHS = "$(PROJECT_DIR)/**";
				GENERATE_INFOPLIST_FILE = YES;
				INFOPLIST_FILE = "Wordz-Plus-Info.plist";
				INFOPLIST_KEY_CFBundleDisplayName = "Wordz Plus";
				INFOPLIST_KEY_LSApplicationCategoryType = "public.app-category.word-games";
				INFOPLIST_KEY_UIApplicationSceneManifest_Generation = YES;
				INFOPLIST_KEY_UIApplicationSupportsIndirectInputEvents = YES;
				INFOPLIST_KEY_UILaunchScreen_Generation = YES;
				INFOPLIST_KEY_UISupportedInterfaceOrientations = UIInterfaceOrientationPortrait;
				INFOPLIST_KEY_UISupportedInterfaceOrientations_iPad = "UIInterfaceOrientationPortrait UIInterfaceOrientationPortraitUpsideDown";
				IPHONEOS_DEPLOYMENT_TARGET = 17.2;
				LD_RUNPATH_SEARCH_PATHS = (
					"$(inherited)",
					"@executable_path/Frameworks",
				);
				MARKETING_VERSION = 1.2;
				OTHER_LDFLAGS = (
					"-ObjC",
					"-lc++",
					"-framework",
					JavaScriptCore,
				);
				PRODUCT_BUNDLE_IDENTIFIER = "com.wordzplus.Wordz-Plus";
				PRODUCT_NAME = "$(TARGET_NAME)";
				SUPPORTED_PLATFORMS = "iphoneos iphonesimulator";
				SUPPORTS_MACCATALYST = NO;
				SUPPORTS_MAC_DESIGNED_FOR_IPHONE_IPAD = NO;
				SUPPORTS_XR_DESIGNED_FOR_IPHONE_IPAD = NO;
				SWIFT_EMIT_LOC_STRINGS = YES;
				SWIFT_VERSION = 5.0;
				TARGETED_DEVICE_FAMILY = 1;
			};
			name = Debug;
		};
		C945B3EF2E092E66003EE955 /* Release */ = {
			isa = XCBuildConfiguration;
			buildSettings = {
				ASSETCATALOG_COMPILER_APPICON_NAME = "AppIcon 1";
				ASSETCATALOG_COMPILER_GLOBAL_ACCENT_COLOR_NAME = AccentColor;
				ASSETCATALOG_COMPILER_INCLUDE_ALL_APPICON_ASSETS = NO;
				CODE_SIGN_STYLE = Automatic;
				CURRENT_PROJECT_VERSION = 1;
				DEVELOPMENT_ASSET_PATHS = "\"Wordz Plus/Preview Content\"";
				DEVELOPMENT_TEAM = DL5Q232KTN;
				ENABLE_PREVIEWS = YES;
				FRAMEWORK_SEARCH_PATHS = "$(PROJECT_DIR)/**";
				GENERATE_INFOPLIST_FILE = YES;
				INFOPLIST_FILE = "Wordz-Plus-Info.plist";
				INFOPLIST_KEY_CFBundleDisplayName = "Wordz Plus";
				INFOPLIST_KEY_LSApplicationCategoryType = "public.app-category.word-games";
				INFOPLIST_KEY_UIApplicationSceneManifest_Generation = YES;
				INFOPLIST_KEY_UIApplicationSupportsIndirectInputEvents = YES;
				INFOPLIST_KEY_UILaunchScreen_Generation = YES;
				INFOPLIST_KEY_UISupportedInterfaceOrientations = UIInterfaceOrientationPortrait;
				INFOPLIST_KEY_UISupportedInterfaceOrientations_iPad = "UIInterfaceOrientationPortrait UIInterfaceOrientationPortraitUpsideDown";
				IPHONEOS_DEPLOYMENT_TARGET = 17.2;
				LD_RUNPATH_SEARCH_PATHS = (
					"$(inherited)",
					"@executable_path/Frameworks",
				);
				MARKETING_VERSION = 1.2;
				OTHER_LDFLAGS = (
					"-ObjC",
					"-lc++",
					"-framework",
					JavaScriptCore,
				);
				PRODUCT_BUNDLE_IDENTIFIER = "com.wordzplus.Wordz-Plus";
				PRODUCT_NAME = "$(TARGET_NAME)";
				SUPPORTED_PLATFORMS = "iphoneos iphonesimulator";
				SUPPORTS_MACCATALYST = NO;
				SUPPORTS_MAC_DESIGNED_FOR_IPHONE_IPAD = NO;
				SUPPORTS_XR_DESIGNED_FOR_IPHONE_IPAD = NO;
				SWIFT_EMIT_LOC_STRINGS = YES;
				SWIFT_VERSION = 5.0;
				TARGETED_DEVICE_FAMILY = 1;
			};
			name = Release;
		};
		C945B3F12E092E66003EE955 /* Debug */ = {
			isa = XCBuildConfiguration;
			buildSettings = {
				BUNDLE_LOADER = "$(TEST_HOST)";
				CODE_SIGN_STYLE = Automatic;
				CURRENT_PROJECT_VERSION = 1;
				GENERATE_INFOPLIST_FILE = YES;
				IPHONEOS_DEPLOYMENT_TARGET = 17.2;
				MARKETING_VERSION = 1.0;
				PRODUCT_BUNDLE_IDENTIFIER = "com.wordzplus.Wordz-PlusTests";
				PRODUCT_NAME = "$(TARGET_NAME)";
				SWIFT_EMIT_LOC_STRINGS = NO;
				SWIFT_VERSION = 5.0;
				TARGETED_DEVICE_FAMILY = "1,2";
				TEST_HOST = "$(BUILT_PRODUCTS_DIR)/Wordz Plus.app/$(BUNDLE_EXECUTABLE_FOLDER_PATH)/Wordz Plus";
			};
			name = Debug;
		};
		C945B3F22E092E66003EE955 /* Release */ = {
			isa = XCBuildConfiguration;
			buildSettings = {
				BUNDLE_LOADER = "$(TEST_HOST)";
				CODE_SIGN_STYLE = Automatic;
				CURRENT_PROJECT_VERSION = 1;
				GENERATE_INFOPLIST_FILE = YES;
				IPHONEOS_DEPLOYMENT_TARGET = 17.2;
				MARKETING_VERSION = 1.0;
				PRODUCT_BUNDLE_IDENTIFIER = "com.wordzplus.Wordz-PlusTests";
				PRODUCT_NAME = "$(TARGET_NAME)";
				SWIFT_EMIT_LOC_STRINGS = NO;
				SWIFT_VERSION = 5.0;
				TARGETED_DEVICE_FAMILY = "1,2";
				TEST_HOST = "$(BUILT_PRODUCTS_DIR)/Wordz Plus.app/$(BUNDLE_EXECUTABLE_FOLDER_PATH)/Wordz Plus";
			};
			name = Release;
		};
		C945B3F42E092E66003EE955 /* Debug */ = {
			isa = XCBuildConfiguration;
			buildSettings = {
				CODE_SIGN_STYLE = Automatic;
				CURRENT_PROJECT_VERSION = 1;
				GENERATE_INFOPLIST_FILE = YES;
				MARKETING_VERSION = 1.0;
				PRODUCT_BUNDLE_IDENTIFIER = "com.wordzplus.Wordz-PlusUITests";
				PRODUCT_NAME = "$(TARGET_NAME)";
				SWIFT_EMIT_LOC_STRINGS = NO;
				SWIFT_VERSION = 5.0;
				TARGETED_DEVICE_FAMILY = "1,2";
				TEST_TARGET_NAME = "Wordz Plus";
			};
			name = Debug;
		};
		C945B3F52E092E66003EE955 /* Release */ = {
			isa = XCBuildConfiguration;
			buildSettings = {
				CODE_SIGN_STYLE = Automatic;
				CURRENT_PROJECT_VERSION = 1;
				GENERATE_INFOPLIST_FILE = YES;
				MARKETING_VERSION = 1.0;
				PRODUCT_BUNDLE_IDENTIFIER = "com.wordzplus.Wordz-PlusUITests";
				PRODUCT_NAME = "$(TARGET_NAME)";
				SWIFT_EMIT_LOC_STRINGS = NO;
				SWIFT_VERSION = 5.0;
				TARGETED_DEVICE_FAMILY = "1,2";
				TEST_TARGET_NAME = "Wordz Plus";
			};
			name = Release;
		};
/* End XCBuildConfiguration section */

/* Begin XCConfigurationList section */
		C945B3C42E092E61003EE955 /* Build configuration list for PBXProject "Wordz Plus" */ = {
			isa = XCConfigurationList;
			buildConfigurations = (
				C945B3EB2E092E66003EE955 /* Debug */,
				C945B3EC2E092E66003EE955 /* Release */,
			);
			defaultConfigurationIsVisible = 0;
			defaultConfigurationName = Release;
		};
		C945B3ED2E092E66003EE955 /* Build configuration list for PBXNativeTarget "Wordz Plus" */ = {
			isa = XCConfigurationList;
			buildConfigurations = (
				C945B3EE2E092E66003EE955 /* Debug */,
				C945B3EF2E092E66003EE955 /* Release */,
			);
			defaultConfigurationIsVisible = 0;
			defaultConfigurationName = Release;
		};
		C945B3F02E092E66003EE955 /* Build configuration list for PBXNativeTarget "Wordz PlusTests" */ = {
			isa = XCConfigurationList;
			buildConfigurations = (
				C945B3F12E092E66003EE955 /* Debug */,
				C945B3F22E092E66003EE955 /* Release */,
			);
			defaultConfigurationIsVisible = 0;
			defaultConfigurationName = Release;
		};
		C945B3F32E092E66003EE955 /* Build configuration list for PBXNativeTarget "Wordz PlusUITests" */ = {
			isa = XCConfigurationList;
			buildConfigurations = (
				C945B3F42E092E66003EE955 /* Debug */,
				C945B3F52E092E66003EE955 /* Release */,
			);
			defaultConfigurationIsVisible = 0;
			defaultConfigurationName = Release;
		};
/* End XCConfigurationList section */

/* Begin XCLocalSwiftPackageReference section */
		C92BF6522E0A4FB900164A63 /* XCLocalSwiftPackageReference "../../Downloads/swift-package-manager-google-mobile-ads-12.6.0" */ = {
			isa = XCLocalSwiftPackageReference;
			relativePath = "../../Downloads/swift-package-manager-google-mobile-ads-12.6.0";
		};
		C997DC252E0BDAE9005215AE /* XCLocalSwiftPackageReference "../../Downloads/swift-package-manager-google-mobile-ads-12.6.0" */ = {
			isa = XCLocalSwiftPackageReference;
			relativePath = "../../Downloads/swift-package-manager-google-mobile-ads-12.6.0";
		};
/* End XCLocalSwiftPackageReference section */

/* Begin XCSwiftPackageProductDependency section */
		C9140F4E2E0A53CA00E742FD /* GoogleMobileAds */ = {
			isa = XCSwiftPackageProductDependency;
			package = C92BF6522E0A4FB900164A63 /* XCLocalSwiftPackageReference "../../Downloads/swift-package-manager-google-mobile-ads-12.6.0" */;
			productName = GoogleMobileAds;
		};
		C997DC262E0BDAE9005215AE /* GoogleMobileAds */ = {
			isa = XCSwiftPackageProductDependency;
			productName = GoogleMobileAds;
		};
/* End XCSwiftPackageProductDependency section */
	};
	rootObject = C945B3C12E092E61003EE955 /* Project object */;
}
